
Microsoft Visual Studio Solution File, Format Version 12.00
# Visual Studio 14
VisualStudioVersion = 14.0.25420.1
MinimumVisualStudioVersion = 10.0.40219.1
Project("{8BC9CEB8-8B4A-11D0-8D11-00A0C91BC942}") = "Server_Test", "Server_Test\Server_Test.vcxproj", "{9D95B3ED-CD91-4429-91F3-4358913EB18B}"
EndProject
Project("{8BC9CEB8-8B4A-11D0-8D11-00A0C91BC942}") = "Client_Test", "Client_Test\Client_Test.vcxproj", "{EF6F0FF1-4D86-4748-8F5A-AF5162D05E29}"
EndProject
Global
	GlobalSection(SolutionConfigurationPlatforms) = preSolution
		Debug|x64 = Debug|x64
		Debug|x86 = Debug|x86
		Release|x64 = Release|x64
		Release|x86 = Release|x86
	EndGlobalSection
	GlobalSection(ProjectConfigurationPlatforms) = postSolution
		{9D95B3ED-CD91-4429-91F3-4358913EB18B}.Debug|x64.ActiveCfg = Debug|x64
		{9D95B3ED-CD91-4429-91F3-4358913EB18B}.Debug|x64.Build.0 = Debug|x64
		{9D95B3ED-CD91-4429-91F3-4358913EB18B}.Debug|x86.ActiveCfg = Debug|Win32
		{9D95B3ED-CD91-4429-91F3-4358913EB18B}.Debug|x86.Build.0 = Debug|Win32
		{9D95B3ED-CD91-4429-91F3-4358913EB18B}.Release|x64.ActiveCfg = Release|x64
		{9D95B3ED-CD91-4429-91F3-4358913EB18B}.Release|x64.Build.0 = Release|x64
		{9D95B3ED-CD91-4429-91F3-4358913EB18B}.Release|x86.ActiveCfg = Release|Win32
		{9D95B3ED-CD91-4429-91F3-4358913EB18B}.Release|x86.Build.0 = Release|Win32
		{EF6F0FF1-4D86-4748-8F5A-AF5162D05E29}.Debug|x64.ActiveCfg = Debug|x64
		{EF6F0FF1-4D86-4748-8F5A-AF5162D05E29}.Debug|x64.Build.0 = Debug|x64
		{EF6F0FF1-4D86-4748-8F5A-AF5162D05E29}.Debug|x86.ActiveCfg = Debug|Win32
		{EF6F0FF1-4D86-4748-8F5A-AF5162D05E29}.Debug|x86.Build.0 = Debug|Win32
		{EF6F0FF1-4D86-4748-8F5A-AF5162D05E29}.Release|x64.ActiveCfg = Release|x64
		{EF6F0FF1-4D86-4748-8F5A-AF5162D05E29}.Release|x64.Build.0 = Release|x64
		{EF6F0FF1-4D86-4748-8F5A-AF5162D05E29}.Release|x86.ActiveCfg = Release|Win32
		{EF6F0FF1-4D86-4748-8F5A-AF5162D05E29}.Release|x86.Build.0 = Release|Win32
	EndGlobalSection
	GlobalSection(SolutionProperties) = preSolution
		HideSolutionNode = FALSE
	EndGlobalSection
EndGlobal
